
Microsoft Visual Studio Solution File, Format Version 12.00
# Visual Studio Version 17
VisualStudioVersion = 17.11.35222.181
MinimumVisualStudioVersion = 10.0.40219.1
Project("{FAE04EC0-301F-11D3-BF4B-00C04F79EFBC}") = "LinqPractise", "LinqPractise\LinqPractise.csproj", "{F352CF28-8116-40E5-9730-689985A0340D}"
EndProject
Global
	GlobalSection(SolutionConfigurationPlatforms) = preSolution
		Debug|Any CPU = Debug|Any CPU
		Release|Any CPU = Release|Any CPU
	EndGlobalSection
	GlobalSection(ProjectConfigurationPlatforms) = postSolution
		{F352CF28-8116-40E5-9730-689985A0340D}.Debug|Any CPU.ActiveCfg = Debug|Any CPU
		{F352CF28-8116-40E5-9730-689985A0340D}.Debug|Any CPU.Build.0 = Debug|Any CPU
		{F352CF28-8116-40E5-9730-689985A0340D}.Release|Any CPU.ActiveCfg = Release|Any CPU
		{F352CF28-8116-40E5-9730-689985A0340D}.Release|Any CPU.Build.0 = Release|Any CPU
	EndGlobalSection
	GlobalSection(SolutionProperties) = preSolution
		HideSolutionNode = FALSE
	EndGlobalSection
	GlobalSection(ExtensibilityGlobals) = postSolution
		SolutionGuid = {A3CCAE42-84A8-4B15-BCDC-E61C6BC1FCF1}
	EndGlobalSection
EndGlobal
